
Microsoft Visual Studio Solution File, Format Version 12.00
# Visual Studio Version 17
VisualStudioVersion = 17.0.32112.339
MinimumVisualStudioVersion = 10.0.40219.1
Project("{2150E333-8FDC-42A3-9474-1A3956D46DE8}") = "Solution Items", "Solution Items", "{56C65EB8-738D-43B1-B932-171A5A2A4E85}"
	ProjectSection(SolutionItems) = preProject
		readme.md = readme.md
	EndProjectSection
EndProject
Project("{9A19103F-16F7-4668-BE54-9A1E7A4F7556}") = "COM3D2.VoicePlay.Plugin", "COM3D2.VoicePlay\COM3D2.VoicePlay.Plugin.csproj", "{769E6E9D-5B95-4BE4-B4C6-8A04BAB633CF}"
EndProject
Project("{9A19103F-16F7-4668-BE54-9A1E7A4F7556}") = "COM3D2.VoicePlayApp", "COM3D2.VoicePlayApp\COM3D2.VoicePlayApp.csproj", "{B92BFF68-CE20-4FE6-8CCB-265D3DF07071}"
EndProject
Project("{9A19103F-16F7-4668-BE54-9A1E7A4F7556}") = "VoicePlayAppTest", "COM3D2.VoicePlayAppTest\VoicePlayAppTest.csproj", "{576DE8F6-700F-4BA6-AB11-BC9E77253FCB}"
EndProject
Project("{FAE04EC0-301F-11D3-BF4B-00C04F79EFBC}") = "COM3D2.VoicePlayLib", "COM3D2.VoicePlayLib\COM3D2.VoicePlayLib.csproj", "{18C5D006-5946-41C6-B6F5-CEE8ACEE5100}"
EndProject
Global
	GlobalSection(SolutionConfigurationPlatforms) = preSolution
		Debug|Any CPU = Debug|Any CPU
		Release|Any CPU = Release|Any CPU
	EndGlobalSection
	GlobalSection(ProjectConfigurationPlatforms) = postSolution
		{769E6E9D-5B95-4BE4-B4C6-8A04BAB633CF}.Debug|Any CPU.ActiveCfg = Debug|Any CPU
		{769E6E9D-5B95-4BE4-B4C6-8A04BAB633CF}.Debug|Any CPU.Build.0 = Debug|Any CPU
		{769E6E9D-5B95-4BE4-B4C6-8A04BAB633CF}.Release|Any CPU.ActiveCfg = Release|Any CPU
		{769E6E9D-5B95-4BE4-B4C6-8A04BAB633CF}.Release|Any CPU.Build.0 = Release|Any CPU
		{B92BFF68-CE20-4FE6-8CCB-265D3DF07071}.Debug|Any CPU.ActiveCfg = Debug|Any CPU
		{B92BFF68-CE20-4FE6-8CCB-265D3DF07071}.Debug|Any CPU.Build.0 = Debug|Any CPU
		{B92BFF68-CE20-4FE6-8CCB-265D3DF07071}.Release|Any CPU.ActiveCfg = Release|Any CPU
		{B92BFF68-CE20-4FE6-8CCB-265D3DF07071}.Release|Any CPU.Build.0 = Release|Any CPU
		{576DE8F6-700F-4BA6-AB11-BC9E77253FCB}.Debug|Any CPU.ActiveCfg = Debug|Any CPU
		{576DE8F6-700F-4BA6-AB11-BC9E77253FCB}.Debug|Any CPU.Build.0 = Debug|Any CPU
		{576DE8F6-700F-4BA6-AB11-BC9E77253FCB}.Release|Any CPU.ActiveCfg = Release|Any CPU
		{576DE8F6-700F-4BA6-AB11-BC9E77253FCB}.Release|Any CPU.Build.0 = Release|Any CPU
		{18C5D006-5946-41C6-B6F5-CEE8ACEE5100}.Debug|Any CPU.ActiveCfg = Debug|Any CPU
		{18C5D006-5946-41C6-B6F5-CEE8ACEE5100}.Debug|Any CPU.Build.0 = Debug|Any CPU
		{18C5D006-5946-41C6-B6F5-CEE8ACEE5100}.Release|Any CPU.ActiveCfg = Release|Any CPU
		{18C5D006-5946-41C6-B6F5-CEE8ACEE5100}.Release|Any CPU.Build.0 = Release|Any CPU
	EndGlobalSection
	GlobalSection(SolutionProperties) = preSolution
		HideSolutionNode = FALSE
	EndGlobalSection
	GlobalSection(ExtensibilityGlobals) = postSolution
		SolutionGuid = {AE9BBCD1-AC5F-40C9-90B9-A4720BE20BB2}
	EndGlobalSection
EndGlobal
